{
  "name": "node",
  "version": "1.0.0",
  "lockfileVersion": 3,
  "requires": true,
  "packages": {
    "": {
      "name": "node",
      "version": "1.0.0",
      "license": "ISC",
      "dependencies": {
        "@hono/node-server": "^1.1.1",
        "hono": "^3.3.4"
      }
    },
    "node_modules/@hono/node-server": {
      "version": "1.1.1",
      "resolved": "https://registry.npmjs.org/@hono/node-server/-/node-server-1.1.1.tgz",
      "integrity": "sha512-0ZfrcW8Y+TAGNzKGoDB1iQ7Gv7uGsGDOYlz7nckXcHRpK60Oxuz1ttiFmdHYmI6kGO+/VJ8Iy58LDhoTPqkiow==",
      "engines": {
        "node": ">=18.0.0"
      }
    },
    "node_modules/hono": {
      "version": "3.3.4",
      "resolved": "https://registry.npmjs.org/hono/-/hono-3.3.4.tgz",
      "integrity": "sha512-lqvcsQrXS0bSydj/MkOXi3opAwrlauIjZefhXMMRj9prABfBWdrYHSrWk/xfxgxNPs4yuEMh2Z5zV0L2b1Jmdw==",
      "engines": {
        "node": ">=16.0.0"
      }
    }
  }
}
